// !$*UTF8*$!
{
	archiveVersion = 1;
	classes = {
	};
	objectVersion = 48;
	objects = {

/* Begin PBXBuildFile section */
		92A31DB91FB3BA5D0000AFAC /* AppDelegate.swift in Sources */ = {isa = PBXBuildFile; fileRef = 92A31DB81FB3BA5D0000AFAC /* AppDelegate.swift */; };
		92A31DBB1FB3BA5D0000AFAC /* ViewController.swift in Sources */ = {isa = PBXBuildFile; fileRef = 92A31DBA1FB3BA5D0000AFAC /* ViewController.swift */; };
		92A31DBE1FB3BA5D0000AFAC /* Main.storyboard in Resources */ = {isa = PBXBuildFile; fileRef = 92A31DBC1FB3BA5D0000AFAC /* Main.storyboard */; };
		92A31DC01FB3BA5D0000AFAC /* Assets.xcassets in Resources */ = {isa = PBXBuildFile; fileRef = 92A31DBF1FB3BA5D0000AFAC /* Assets.xcassets */; };
		92A31DC31FB3BA5D0000AFAC /* LaunchScreen.storyboard in Resources */ = {isa = PBXBuildFile; fileRef = 92A31DC11FB3BA5D0000AFAC /* LaunchScreen.storyboard */; };
/* End PBXBuildFile section */

/* Begin PBXFileReference section */
		92A31DB51FB3BA5D0000AFAC /* VantageCalendarClone.app */ = {isa = PBXFileReference; explicitFileType = wrapper.application; includeInIndex = 0; path = VantageCalendarClone.app; sourceTree = BUILT_PRODUCTS_DIR; };
		92A31DB81FB3BA5D0000AFAC /* AppDelegate.swift */ = {isa = PBXFileReference; lastKnownFileType = sourcecode.swift; path = AppDelegate.swift; sourceTree = "<group>"; };
		92A31DBA1FB3BA5D0000AFAC /* ViewController.swift */ = {isa = PBXFileReference; lastKnownFileType = sourcecode.swift; path = ViewController.swift; sourceTree = "<group>"; };
		92A31DBD1FB3BA5D0000AFAC /* Base */ = {isa = PBXFileReference; lastKnownFileType = file.storyboard; name = Base; path = Base.lproj/Main.storyboard; sourceTree = "<group>"; };
		92A31DBF1FB3BA5D0000AFAC /* Assets.xcassets */ = {isa = PBXFileReference; lastKnownFileType = folder.assetcatalog; path = Assets.xcassets; sourceTree = "<group>"; };
		92A31DC21FB3BA5D0000AFAC /* Base */ = {isa = PBXFileReference; lastKnownFileType = file.storyboard; name = Base; path = Base.lproj/LaunchScreen.storyboard; sourceTree = "<group>"; };
		92A31DC41FB3BA5D0000AFAC /* Info.plist */ = {isa = PBXFileReference; lastKnownFileType = text.plist.xml; path = Info.plist; sourceTree = "<group>"; };
/* End PBXFileReference section */

/* Begin PBXFrameworksBuildPhase section */
		92A31DB21FB3BA5D0000AFAC /* Frameworks */ = {
			isa = PBXFrameworksBuildPhase;
			buildActionMask = 2147483647;
			files = (
			);
			runOnlyForDeploymentPostprocessing = 0;
		};
/* End PBXFrameworksBuildPhase section */

/* Begin PBXGroup section */
		92A31DAC1FB3BA5D0000AFAC = {
			isa = PBXGroup;
			children = (
				92A31DB71FB3BA5D0000AFAC /* VantageCalendarClone */,
				92A31DB61FB3BA5D0000AFAC /* Products */,
			);
			sourceTree = "<group>";
		};
		92A31DB61FB3BA5D0000AFAC /* Products */ = {
			isa = PBXGroup;
			children = (
				92A31DB51FB3BA5D0000AFAC /* VantageCalendarClone.app */,
			);
			name = Products;
			sourceTree = "<group>";
		};
		92A31DB71FB3BA5D0000AFAC /* VantageCalendarClone */ = {
			isa = PBXGroup;
			children = (
				92A31DB81FB3BA5D0000AFAC /* AppDelegate.swift */,
				92A31DBA1FB3BA5D0000AFAC /* ViewController.swift */,
				92A31DBC1FB3BA5D0000AFAC /* Main.storyboard */,
				92A31DBF1FB3BA5D0000AFAC /* Assets.xcassets */,
				92A31DC11FB3BA5D0000AFAC /* LaunchScreen.storyboard */,
				92A31DC41FB3BA5D0000AFAC /* Info.plist */,
			);
			path = VantageCalendarClone;
			sourceTree = "<group>";
		};
/* End PBXGroup section */

/* Begin PBXNativeTarget section */
		92A31DB41FB3BA5D0000AFAC /* VantageCalendarClone */ = {
			isa = PBXNativeTarget;
			buildConfigurationList = 92A31DC71FB3BA5D0000AFAC /* Build configuration list for PBXNativeTarget "VantageCalendarClone" */;
			buildPhases = (
				92A31DB11FB3BA5D0000AFAC /* Sources */,
				92A31DB21FB3BA5D0000AFAC /* Frameworks */,
				92A31DB31FB3BA5D0000AFAC /* Resources */,
			);
			buildRules = (
			);
			dependencies = (
			);
			name = VantageCalendarClone;
			productName = VantageCalendarClone;
			productReference = 92A31DB51FB3BA5D0000AFAC /* VantageCalendarClone.app */;
			productType = "com.apple.product-type.application";
		};
/* End PBXNativeTarget section */

/* Begin PBXProject section */
		92A31DAD1FB3BA5D0000AFAC /* Project object */ = {
			isa = PBXProject;
			attributes = {
				LastSwiftUpdateCheck = 0910;
				LastUpgradeCheck = 0910;
				ORGANIZATIONNAME = Chong500Productions;
				TargetAttributes = {
					92A31DB41FB3BA5D0000AFAC = {
						CreatedOnToolsVersion = 9.1;
						ProvisioningStyle = Automatic;
					};
				};
			};
			buildConfigurationList = 92A31DB01FB3BA5D0000AFAC /* Build configuration list for PBXProject "VantageCalendarClone" */;
			compatibilityVersion = "Xcode 8.0";
			developmentRegion = en;
			hasScannedForEncodings = 0;
			knownRegions = (
				en,
				Base,
			);
			mainGroup = 92A31DAC1FB3BA5D0000AFAC;
			productRefGroup = 92A31DB61FB3BA5D0000AFAC /* Products */;
			projectDirPath = "";
			projectRoot = "";
			targets = (
				92A31DB41FB3BA5D0000AFAC /* VantageCalendarClone */,
			);
		};
/* End PBXProject section */

/* Begin PBXResourcesBuildPhase section */
		92A31DB31FB3BA5D0000AFAC /* Resources */ = {
			isa = PBXResourcesBuildPhase;
			buildActionMask = 2147483647;
			files = (
				92A31DC31FB3BA5D0000AFAC /* LaunchScreen.storyboard in Resources */,
				92A31DC01FB3BA5D0000AFAC /* Assets.xcassets in Resources */,
				92A31DBE1FB3BA5D0000AFAC /* Main.storyboard in Resources */,
			);
			runOnlyForDeploymentPostprocessing = 0;
		};
/* End PBXResourcesBuildPhase section */

/* Begin PBXSourcesBuildPhase section */
		92A31DB11FB3BA5D0000AFAC /* Sources */ = {
			isa = PBXSourcesBuildPhase;
			buildActionMask = 2147483647;
			files = (
				92A31DBB1FB3BA5D0000AFAC /* ViewController.swift in Sources */,
				92A31DB91FB3BA5D0000AFAC /* AppDelegate.swift in Sources */,
			);
			runOnlyForDeploymentPostprocessing = 0;
		};
/* End PBXSourcesBuildPhase section */

/* Begin PBXVariantGroup section */
		92A31DBC1FB3BA5D0000AFAC /* Main.storyboard */ = {
			isa = PBXVariantGroup;
			children = (
				92A31DBD1FB3BA5D0000AFAC /* Base */,
			);
			name = Main.storyboard;
			sourceTree = "<group>";
		};
		92A31DC11FB3BA5D0000AFAC /* LaunchScreen.storyboard */ = {
			isa = PBXVariantGroup;
			children = (
				92A31DC21FB3BA5D0000AFAC /* Base */,
			);
			name = LaunchScreen.storyboard;
			sourceTree = "<group>";
		};
/* End PBXVariantGroup section */

/* Begin XCBuildConfiguration section */
		92A31DC51FB3BA5D0000AFAC /* Debug */ = {
			isa = XCBuildConfiguration;
			buildSettings = {
				ALWAYS_SEARCH_USER_PATHS = NO;
				CLANG_ANALYZER_NONNULL = YES;
				CLANG_ANALYZER_NUMBER_OBJECT_CONVERSION = YES_AGGRESSIVE;
				CLANG_CXX_LANGUAGE_STANDARD = "gnu++14";
				CLANG_CXX_LIBRARY = "libc++";
				CLANG_ENABLE_MODULES = YES;
				CLANG_ENABLE_OBJC_ARC = YES;
				CLANG_WARN_BLOCK_CAPTURE_AUTORELEASING = YES;
				CLANG_WARN_BOOL_CONVERSION = YES;
				CLANG_WARN_COMMA = YES;
				CLANG_WARN_CONSTANT_CONVERSION = YES;
				CLANG_WARN_DIRECT_OBJC_ISA_USAGE = YES_ERROR;
				CLANG_WARN_DOCUMENTATION_COMMENTS = YES;
				CLANG_WARN_EMPTY_BODY = YES;
				CLANG_WARN_ENUM_CONVERSION = YES;
				CLANG_WARN_INFINITE_RECURSION = YES;
				CLANG_WARN_INT_CONVERSION = YES;
				CLANG_WARN_NON_LITERAL_NULL_CONVERSION = YES;
				CLANG_WARN_OBJC_LITERAL_CONVERSION = YES;
				CLANG_WARN_OBJC_ROOT_CLASS = YES_ERROR;
				CLANG_WARN_RANGE_LOOP_ANALYSIS = YES;
				CLANG_WARN_STRICT_PROTOTYPES = YES;
				CLANG_WARN_SUSPICIOUS_MOVE = YES;
				CLANG_WARN_UNGUARDED_AVAILABILITY = YES_AGGRESSIVE;
				CLANG_WARN_UNREACHABLE_CODE = YES;
				CLANG_WARN__DUPLICATE_METHOD_MATCH = YES;
				CODE_SIGN_IDENTITY = "iPhone Developer";
				COPY_PHASE_STRIP = NO;
				DEBUG_INFORMATION_FORMAT = dwarf;
				ENABLE_STRICT_OBJC_MSGSEND = YES;
				ENABLE_TESTABILITY = YES;
				GCC_C_LANGUAGE_STANDARD = gnu11;
				GCC_DYNAMIC_NO_PIC = NO;
				GCC_NO_COMMON_BLOCKS = YES;
				GCC_OPTIMIZATION_LEVEL = 0;
				GCC_PREPROCESSOR_DEFINITIONS = (
					"DEBUG=1",
					"$(inherited)",
				);
				GCC_WARN_64_TO_32_BIT_CONVERSION = YES;
				GCC_WARN_ABOUT_RETURN_TYPE = YES_ERROR;
				GCC_WARN_UNDECLARED_SELECTOR = YES;
				GCC_WARN_UNINITIALIZED_AUTOS = YES_AGGRESSIVE;
				GCC_WARN_UNUSED_FUNCTION = YES;
				GCC_WARN_UNUSED_VARIABLE = YES;
				IPHONEOS_DEPLOYMENT_TARGET = 11.1;
				MTL_ENABLE_DEBUG_INFO = YES;
				ONLY_ACTIVE_ARCH = YES;
				SDKROOT = iphoneos;
				SWIFT_ACTIVE_COMPILATION_CONDITIONS = DEBUG;
				SWIFT_OPTIMIZATION_LEVEL = "-Onone";
			};
			name = Debug;
		};
		92A31DC61FB3BA5D0000AFAC /* Release */ = {
			isa = XCBuildConfiguration;
			buildSettings = {
				ALWAYS_SEARCH_USER_PATHS = NO;
				CLANG_ANALYZER_NONNULL = YES;
				CLANG_ANALYZER_NUMBER_OBJECT_CONVERSION = YES_AGGRESSIVE;
				CLANG_CXX_LANGUAGE_STANDARD = "gnu++14";
				CLANG_CXX_LIBRARY = "libc++";
				CLANG_ENABLE_MODULES = YES;
				CLANG_ENABLE_OBJC_ARC = YES;
				CLANG_WARN_BLOCK_CAPTURE_AUTORELEASING = YES;
				CLANG_WARN_BOOL_CONVERSION = YES;
				CLANG_WARN_COMMA = YES;
				CLANG_WARN_CONSTANT_CONVERSION = YES;
				CLANG_WARN_DIRECT_OBJC_ISA_USAGE = YES_ERROR;
				CLANG_WARN_DOCUMENTATION_COMMENTS = YES;
				CLANG_WARN_EMPTY_BODY = YES;
				CLANG_WARN_ENUM_CONVERSION = YES;
				CLANG_WARN_INFINITE_RECURSION = YES;
				CLANG_WARN_INT_CONVERSION = YES;
				CLANG_WARN_NON_LITERAL_NULL_CONVERSION = YES;
				CLANG_WARN_OBJC_LITERAL_CONVERSION = YES;
				CLANG_WARN_OBJC_ROOT_CLASS = YES_ERROR;
				CLANG_WARN_RANGE_LOOP_ANALYSIS = YES;
				CLANG_WARN_STRICT_PROTOTYPES = YES;
				CLANG_WARN_SUSPICIOUS_MOVE = YES;
				CLANG_WARN_UNGUARDED_AVAILABILITY = YES_AGGRESSIVE;
				CLANG_WARN_UNREACHABLE_CODE = YES;
				CLANG_WARN__DUPLICATE_METHOD_MATCH = YES;
				CODE_SIGN_IDENTITY = "iPhone Developer";
				COPY_PHASE_STRIP = NO;
				DEBUG_INFORMATION_FORMAT = "dwarf-with-dsym";
				ENABLE_NS_ASSERTIONS = NO;
				ENABLE_STRICT_OBJC_MSGSEND = YES;
				GCC_C_LANGUAGE_STANDARD = gnu11;
				GCC_NO_COMMON_BLOCKS = YES;
				GCC_WARN_64_TO_32_BIT_CONVERSION = YES;
				GCC_WARN_ABOUT_RETURN_TYPE = YES_ERROR;
				GCC_WARN_UNDECLARED_SELECTOR = YES;
				GCC_WARN_UNINITIALIZED_AUTOS = YES_AGGRESSIVE;
				GCC_WARN_UNUSED_FUNCTION = YES;
				GCC_WARN_UNUSED_VARIABLE = YES;
				IPHONEOS_DEPLOYMENT_TARGET = 11.1;
				MTL_ENABLE_DEBUG_INFO = NO;
				SDKROOT = iphoneos;
				SWIFT_OPTIMIZATION_LEVEL = "-Owholemodule";
				VALIDATE_PRODUCT = YES;
			};
			name = Release;
		};
		92A31DC81FB3BA5D0000AFAC /* Debug */ = {
			isa = XCBuildConfiguration;
			buildSettings = {
				ASSETCATALOG_COMPILER_APPICON_NAME = AppIcon;
				CODE_SIGN_STYLE = Automatic;
				DEVELOPMENT_TEAM = KNK3WJA66N;
				INFOPLIST_FILE = VantageCalendarClone/Info.plist;
				LD_RUNPATH_SEARCH_PATHS = "$(inherited) @executable_path/Frameworks";
				PRODUCT_BUNDLE_IDENTIFIER = com.Chong500Productions.VantageCalendarClone;
				PRODUCT_NAME = "$(TARGET_NAME)";
				SWIFT_VERSION = 4.0;
				TARGETED_DEVICE_FAMILY = "1,2";
			};
			name = Debug;
		};
		92A31DC91FB3BA5D0000AFAC /* Release */ = {
			isa = XCBuildConfiguration;
			buildSettings = {
				ASSETCATALOG_COMPILER_APPICON_NAME = AppIcon;
				CODE_SIGN_STYLE = Automatic;
				DEVELOPMENT_TEAM = KNK3WJA66N;
				INFOPLIST_FILE = VantageCalendarClone/Info.plist;
				LD_RUNPATH_SEARCH_PATHS = "$(inherited) @executable_path/Frameworks";
				PRODUCT_BUNDLE_IDENTIFIER = com.Chong500Productions.VantageCalendarClone;
				PRODUCT_NAME = "$(TARGET_NAME)";
				SWIFT_VERSION = 4.0;
				TARGETED_DEVICE_FAMILY = "1,2";
			};
			name = Release;
		};
/* End XCBuildConfiguration section */

/* Begin XCConfigurationList section */
		92A31DB01FB3BA5D0000AFAC /* Build configuration list for PBXProject "VantageCalendarClone" */ = {
			isa = XCConfigurationList;
			buildConfigurations = (
				92A31DC51FB3BA5D0000AFAC /* Debug */,
				92A31DC61FB3BA5D0000AFAC /* Release */,
			);
			defaultConfigurationIsVisible = 0;
			defaultConfigurationName = Release;
		};
		92A31DC71FB3BA5D0000AFAC /* Build configuration list for PBXNativeTarget "VantageCalendarClone" */ = {
			isa = XCConfigurationList;
			buildConfigurations = (
				92A31DC81FB3BA5D0000AFAC /* Debug */,
				92A31DC91FB3BA5D0000AFAC /* Release */,
			);
			defaultConfigurationIsVisible = 0;
			defaultConfigurationName = Release;
		};
/* End XCConfigurationList section */
	};
	rootObject = 92A31DAD1FB3BA5D0000AFAC /* Project object */;
}
